
Microsoft Visual Studio Solution File, Format Version 12.00
# Visual Studio Version 17
VisualStudioVersion = 17.5.33414.496
MinimumVisualStudioVersion = 10.0.40219.1
Project("{9A19103F-16F7-4668-BE54-9A1E7A4F7556}") = "api-gateway", "api-gateway\api-gateway.csproj", "{F0DE27D7-FD86-43CC-BC48-C111346A8498}"
EndProject
Project("{9A19103F-16F7-4668-BE54-9A1E7A4F7556}") = "authentication-service", "authentication-service\authentication-service\authentication-service.csproj", "{34EA20CD-2867-48D3-958A-BFAF49506344}"
EndProject
Project("{9A19103F-16F7-4668-BE54-9A1E7A4F7556}") = "LocatieService", "locatie-service\LocatieService.csproj", "{4EFA360C-0A57-4AEB-ACD0-AD95C75104F8}"
EndProject
Project("{9A19103F-16F7-4668-BE54-9A1E7A4F7556}") = "PakketService", "pakketservice\PakketService.csproj", "{5FBA344B-D270-4637-8CF7-7E77B8A5411E}"
EndProject
Project("{9A19103F-16F7-4668-BE54-9A1E7A4F7556}") = "personeel-service", "personeel-service\personeel-service.csproj", "{29F4F469-8EF8-469C-9ACF-B5771333AAC2}"
EndProject
Global
	GlobalSection(SolutionConfigurationPlatforms) = preSolution
		Debug|Any CPU = Debug|Any CPU
		Release|Any CPU = Release|Any CPU
	EndGlobalSection
	GlobalSection(ProjectConfigurationPlatforms) = postSolution
		{F0DE27D7-FD86-43CC-BC48-C111346A8498}.Debug|Any CPU.ActiveCfg = Debug|Any CPU
		{F0DE27D7-FD86-43CC-BC48-C111346A8498}.Debug|Any CPU.Build.0 = Debug|Any CPU
		{F0DE27D7-FD86-43CC-BC48-C111346A8498}.Release|Any CPU.ActiveCfg = Release|Any CPU
		{F0DE27D7-FD86-43CC-BC48-C111346A8498}.Release|Any CPU.Build.0 = Release|Any CPU
		{34EA20CD-2867-48D3-958A-BFAF49506344}.Debug|Any CPU.ActiveCfg = Debug|Any CPU
		{34EA20CD-2867-48D3-958A-BFAF49506344}.Debug|Any CPU.Build.0 = Debug|Any CPU
		{34EA20CD-2867-48D3-958A-BFAF49506344}.Release|Any CPU.ActiveCfg = Release|Any CPU
		{34EA20CD-2867-48D3-958A-BFAF49506344}.Release|Any CPU.Build.0 = Release|Any CPU
		{4EFA360C-0A57-4AEB-ACD0-AD95C75104F8}.Debug|Any CPU.ActiveCfg = Debug|Any CPU
		{4EFA360C-0A57-4AEB-ACD0-AD95C75104F8}.Debug|Any CPU.Build.0 = Debug|Any CPU
		{4EFA360C-0A57-4AEB-ACD0-AD95C75104F8}.Release|Any CPU.ActiveCfg = Release|Any CPU
		{4EFA360C-0A57-4AEB-ACD0-AD95C75104F8}.Release|Any CPU.Build.0 = Release|Any CPU
		{5FBA344B-D270-4637-8CF7-7E77B8A5411E}.Debug|Any CPU.ActiveCfg = Debug|Any CPU
		{5FBA344B-D270-4637-8CF7-7E77B8A5411E}.Debug|Any CPU.Build.0 = Debug|Any CPU
		{5FBA344B-D270-4637-8CF7-7E77B8A5411E}.Release|Any CPU.ActiveCfg = Release|Any CPU
		{5FBA344B-D270-4637-8CF7-7E77B8A5411E}.Release|Any CPU.Build.0 = Release|Any CPU
		{29F4F469-8EF8-469C-9ACF-B5771333AAC2}.Debug|Any CPU.ActiveCfg = Debug|Any CPU
		{29F4F469-8EF8-469C-9ACF-B5771333AAC2}.Debug|Any CPU.Build.0 = Debug|Any CPU
		{29F4F469-8EF8-469C-9ACF-B5771333AAC2}.Release|Any CPU.ActiveCfg = Release|Any CPU
		{29F4F469-8EF8-469C-9ACF-B5771333AAC2}.Release|Any CPU.Build.0 = Release|Any CPU
	EndGlobalSection
	GlobalSection(SolutionProperties) = preSolution
		HideSolutionNode = FALSE
	EndGlobalSection
	GlobalSection(ExtensibilityGlobals) = postSolution
		SolutionGuid = {90ACB417-C8BB-4714-ADDC-69BE9ACB871B}
	EndGlobalSection
EndGlobal
