
Microsoft Visual Studio Solution File, Format Version 12.00
# Visual Studio Version 16
VisualStudioVersion = 16.0.31105.61
MinimumVisualStudioVersion = 10.0.40219.1
Project("{9A19103F-16F7-4668-BE54-9A1E7A4F7556}") = "LocationService", "LocationService.csproj", "{B659BBEB-4A4D-40B5-B91A-C8B4611E21F7}"
EndProject
Project("{9A19103F-16F7-4668-BE54-9A1E7A4F7556}") = "LocatieService.Test", "LocatieService.Test\LocatieService.Test.csproj", "{777B5BEA-C0DC-4E1B-A8CA-23556309CCDB}"
EndProject
Global
	GlobalSection(SolutionConfigurationPlatforms) = preSolution
		Debug|Any CPU = Debug|Any CPU
		Release|Any CPU = Release|Any CPU
	EndGlobalSection
	GlobalSection(ProjectConfigurationPlatforms) = postSolution
		{B659BBEB-4A4D-40B5-B91A-C8B4611E21F7}.Debug|Any CPU.ActiveCfg = Debug|Any CPU
		{B659BBEB-4A4D-40B5-B91A-C8B4611E21F7}.Debug|Any CPU.Build.0 = Debug|Any CPU
		{B659BBEB-4A4D-40B5-B91A-C8B4611E21F7}.Release|Any CPU.ActiveCfg = Release|Any CPU
		{B659BBEB-4A4D-40B5-B91A-C8B4611E21F7}.Release|Any CPU.Build.0 = Release|Any CPU
		{777B5BEA-C0DC-4E1B-A8CA-23556309CCDB}.Debug|Any CPU.ActiveCfg = Debug|Any CPU
		{777B5BEA-C0DC-4E1B-A8CA-23556309CCDB}.Debug|Any CPU.Build.0 = Debug|Any CPU
		{777B5BEA-C0DC-4E1B-A8CA-23556309CCDB}.Release|Any CPU.ActiveCfg = Release|Any CPU
		{777B5BEA-C0DC-4E1B-A8CA-23556309CCDB}.Release|Any CPU.Build.0 = Release|Any CPU
	EndGlobalSection
	GlobalSection(SolutionProperties) = preSolution
		HideSolutionNode = FALSE
	EndGlobalSection
	GlobalSection(ExtensibilityGlobals) = postSolution
		SolutionGuid = {09A81338-CE33-4BB2-B1EE-F211D7BE41DC}
	EndGlobalSection
EndGlobal
