
Microsoft Visual Studio Solution File, Format Version 12.00
# Visual Studio Version 16
VisualStudioVersion = 16.0.31105.61
MinimumVisualStudioVersion = 10.0.40219.1
Project("{9A19103F-16F7-4668-BE54-9A1E7A4F7556}") = "EmployeeService", "EmployeeService.csproj", "{C7689E96-F4A9-4591-94F3-FC8E913809EB}"
EndProject
Project("{9A19103F-16F7-4668-BE54-9A1E7A4F7556}") = "personeel-service.Test", "personeel-service.Test\personeel-service.Test.csproj", "{8323D407-11B2-4A48-822B-4D210B19E3D3}"
EndProject
Global
	GlobalSection(SolutionConfigurationPlatforms) = preSolution
		Debug|Any CPU = Debug|Any CPU
		Release|Any CPU = Release|Any CPU
	EndGlobalSection
	GlobalSection(ProjectConfigurationPlatforms) = postSolution
		{C7689E96-F4A9-4591-94F3-FC8E913809EB}.Debug|Any CPU.ActiveCfg = Debug|Any CPU
		{C7689E96-F4A9-4591-94F3-FC8E913809EB}.Debug|Any CPU.Build.0 = Debug|Any CPU
		{C7689E96-F4A9-4591-94F3-FC8E913809EB}.Release|Any CPU.ActiveCfg = Release|Any CPU
		{C7689E96-F4A9-4591-94F3-FC8E913809EB}.Release|Any CPU.Build.0 = Release|Any CPU
		{8323D407-11B2-4A48-822B-4D210B19E3D3}.Debug|Any CPU.ActiveCfg = Debug|Any CPU
		{8323D407-11B2-4A48-822B-4D210B19E3D3}.Debug|Any CPU.Build.0 = Debug|Any CPU
		{8323D407-11B2-4A48-822B-4D210B19E3D3}.Release|Any CPU.ActiveCfg = Release|Any CPU
		{8323D407-11B2-4A48-822B-4D210B19E3D3}.Release|Any CPU.Build.0 = Release|Any CPU
	EndGlobalSection
	GlobalSection(SolutionProperties) = preSolution
		HideSolutionNode = FALSE
	EndGlobalSection
	GlobalSection(ExtensibilityGlobals) = postSolution
		SolutionGuid = {13BFA05E-FE95-4DAC-9FF6-5E17BAA0CDAF}
	EndGlobalSection
EndGlobal
